
Microsoft Visual Studio Solution File, Format Version 12.00
Project("{FAE04EC0-301F-11D3-BF4B-00C04F79EFBC}") = "Presentation", "Presentation\Presentation.csproj", "{A1C856CA-2BE4-4AF5-BB26-974306E417F3}"
EndProject
Project("{FAE04EC0-301F-11D3-BF4B-00C04F79EFBC}") = "Application", "Application\Application.csproj", "{92AB7A10-B1D3-4297-B1B8-C91BC32C4B1B}"
EndProject
Project("{FAE04EC0-301F-11D3-BF4B-00C04F79EFBC}") = "Persistence", "Persistence\Persistence.csproj", "{29A6CFCA-9BB3-43E7-8FBB-BC2D1A44C8AD}"
EndProject
Global
	GlobalSection(SolutionConfigurationPlatforms) = preSolution
		Debug|Any CPU = Debug|Any CPU
		Release|Any CPU = Release|Any CPU
	EndGlobalSection
	GlobalSection(ProjectConfigurationPlatforms) = postSolution
		{A1C856CA-2BE4-4AF5-BB26-974306E417F3}.Debug|Any CPU.ActiveCfg = Debug|Any CPU
		{A1C856CA-2BE4-4AF5-BB26-974306E417F3}.Debug|Any CPU.Build.0 = Debug|Any CPU
		{A1C856CA-2BE4-4AF5-BB26-974306E417F3}.Release|Any CPU.ActiveCfg = Release|Any CPU
		{A1C856CA-2BE4-4AF5-BB26-974306E417F3}.Release|Any CPU.Build.0 = Release|Any CPU
		{92AB7A10-B1D3-4297-B1B8-C91BC32C4B1B}.Debug|Any CPU.ActiveCfg = Debug|Any CPU
		{92AB7A10-B1D3-4297-B1B8-C91BC32C4B1B}.Debug|Any CPU.Build.0 = Debug|Any CPU
		{92AB7A10-B1D3-4297-B1B8-C91BC32C4B1B}.Release|Any CPU.ActiveCfg = Release|Any CPU
		{92AB7A10-B1D3-4297-B1B8-C91BC32C4B1B}.Release|Any CPU.Build.0 = Release|Any CPU
		{29A6CFCA-9BB3-43E7-8FBB-BC2D1A44C8AD}.Debug|Any CPU.ActiveCfg = Debug|Any CPU
		{29A6CFCA-9BB3-43E7-8FBB-BC2D1A44C8AD}.Debug|Any CPU.Build.0 = Debug|Any CPU
		{29A6CFCA-9BB3-43E7-8FBB-BC2D1A44C8AD}.Release|Any CPU.ActiveCfg = Release|Any CPU
		{29A6CFCA-9BB3-43E7-8FBB-BC2D1A44C8AD}.Release|Any CPU.Build.0 = Release|Any CPU
	EndGlobalSection
EndGlobal
